
Microsoft Visual Studio Solution File, Format Version 12.00
# Visual Studio Version 16
VisualStudioVersion = 16.0.29709.97
MinimumVisualStudioVersion = 10.0.40219.1
Project("{FAE04EC0-301F-11D3-BF4B-00C04F79EFBC}") = "MyX0", "WindowsFormsApp1\MyX0.csproj", "{EE1E0957-877A-4DDE-ADE7-01C89569D11B}"
EndProject
Global
	GlobalSection(SolutionConfigurationPlatforms) = preSolution
		Debug|Any CPU = Debug|Any CPU
		Release|Any CPU = Release|Any CPU
	EndGlobalSection
	GlobalSection(ProjectConfigurationPlatforms) = postSolution
		{EE1E0957-877A-4DDE-ADE7-01C89569D11B}.Debug|Any CPU.ActiveCfg = Debug|Any CPU
		{EE1E0957-877A-4DDE-ADE7-01C89569D11B}.Debug|Any CPU.Build.0 = Debug|Any CPU
		{EE1E0957-877A-4DDE-ADE7-01C89569D11B}.Release|Any CPU.ActiveCfg = Release|Any CPU
		{EE1E0957-877A-4DDE-ADE7-01C89569D11B}.Release|Any CPU.Build.0 = Release|Any CPU
	EndGlobalSection
	GlobalSection(SolutionProperties) = preSolution
		HideSolutionNode = FALSE
	EndGlobalSection
	GlobalSection(ExtensibilityGlobals) = postSolution
		SolutionGuid = {E4C776E2-C6DF-4A22-9D89-F60AB176B02B}
	EndGlobalSection
EndGlobal
